
Microsoft Visual Studio Solution File, Format Version 12.00
# Visual Studio Version 17
VisualStudioVersion = 17.7.34024.191
MinimumVisualStudioVersion = 10.0.40219.1
Project("{2150E333-8FDC-42A3-9474-1A3956D46DE8}") = "Business", "Business", "{3D37C77C-85A7-4404-9B7B-2C153C3A10D0}"
EndProject
Project("{2150E333-8FDC-42A3-9474-1A3956D46DE8}") = "Core", "Core", "{C92A21ED-4962-48AF-BC4C-E437CA04175B}"
EndProject
Project("{2150E333-8FDC-42A3-9474-1A3956D46DE8}") = "Database", "Database", "{12C2D059-6571-444D-954D-1FDC7ABA8EE4}"
EndProject
Project("{2150E333-8FDC-42A3-9474-1A3956D46DE8}") = "Presentation", "Presentation", "{B70E0A8C-ADC5-4315-A725-E320EF6F00BF}"
EndProject
Project("{2150E333-8FDC-42A3-9474-1A3956D46DE8}") = "Shared", "Shared", "{F9B03A98-D364-4484-AA5A-4B79AAE852D8}"
EndProject
Project("{9A19103F-16F7-4668-BE54-9A1E7A4F7556}") = "rapid.erp.IManager", "rapid.erp.IManager\rapid.erp.IManager.csproj", "{9CD53EF0-C65F-438B-9C22-8BF075D64C7E}"
EndProject
Project("{9A19103F-16F7-4668-BE54-9A1E7A4F7556}") = "rapid.erp.Core", "rapid.erp.Core\rapid.erp.Core.csproj", "{25C4B656-FEA0-4328-8A95-779C7FD56FB7}"
EndProject
Project("{9A19103F-16F7-4668-BE54-9A1E7A4F7556}") = "rapid.erp.DbScripts", "rapid.erp.DbScripts\rapid.erp.DbScripts.csproj", "{CFEE8D80-8558-4BED-AF49-0D5A7A13665D}"
EndProject
Project("{9A19103F-16F7-4668-BE54-9A1E7A4F7556}") = "rapid.erp.PageViewModel", "rapid.erp.PageViewModel\rapid.erp.PageViewModel.csproj", "{51B1E2E1-2719-41CC-915F-42696442A21B}"
EndProject
Project("{9A19103F-16F7-4668-BE54-9A1E7A4F7556}") = "rapid.erp.ViewModel", "rapid.erp.ViewModel\rapid.erp.ViewModel.csproj", "{C799A219-8332-4600-AE98-9F8942E82836}"
EndProject
Project("{9A19103F-16F7-4668-BE54-9A1E7A4F7556}") = "rapid.erp.EntityModel", "rapid.erp.EntityModel\rapid.erp.EntityModel.csproj", "{51A8874D-AA2E-49B5-9F00-80F33BB9CB53}"
EndProject
Project("{9A19103F-16F7-4668-BE54-9A1E7A4F7556}") = "rapid.erp.Manager", "rapid.erp.Manager\rapid.erp.Manager.csproj", "{F806035E-2EBE-46A4-8AD3-4D0B0BAEEFC3}"
EndProject
Project("{9A19103F-16F7-4668-BE54-9A1E7A4F7556}") = "rapid.erp.IRepository", "rapid.erp.IRepository\rapid.erp.IRepository.csproj", "{A890A854-6036-4330-8E3C-4C1A0FE92617}"
EndProject
Project("{9A19103F-16F7-4668-BE54-9A1E7A4F7556}") = "rapid.erp.Repository", "rapid.erp.Repository\rapid.erp.Repository.csproj", "{C40520E2-20E3-4E3C-8D61-46A435A2B6F4}"
EndProject
Project("{9A19103F-16F7-4668-BE54-9A1E7A4F7556}") = "rapid.erp.Core.Mapping", "rapid.erp.Core.Mapping\rapid.erp.Core.Mapping.csproj", "{FB191CC6-739C-466E-9A29-1A0D07EF3B6E}"
EndProject
Project("{9A19103F-16F7-4668-BE54-9A1E7A4F7556}") = "rapid.erp.Core.Dependency", "rapid.erp.Core.Dependency\rapid.erp.Core.Dependency.csproj", "{13122ECF-85AC-43A8-BF4A-D6C2C25CDB8C}"
EndProject
Project("{9A19103F-16F7-4668-BE54-9A1E7A4F7556}") = "rapid.erp.Core.Security", "rapid.erp.Core.Security\rapid.erp.Core.Security.csproj", "{5185C3E7-C0BE-4500-BA20-8D7A7B45987C}"
EndProject
Project("{2150E333-8FDC-42A3-9474-1A3956D46DE8}") = "Module", "Module", "{FA3A1447-327B-4124-B181-3B8A3732F1B4}"
EndProject
Project("{9A19103F-16F7-4668-BE54-9A1E7A4F7556}") = "rapid.erp.Admin", "rapid.erp.Admin\rapid.erp.Admin.csproj", "{C57CFC71-E688-4592-BF8A-B6E3F6E34B66}"
EndProject
Project("{9A19103F-16F7-4668-BE54-9A1E7A4F7556}") = "rapid.erp.Purchase", "rapid.erp.Purchase\rapid.erp.Purchase.csproj", "{3D3969C8-2145-44AE-8391-653EF57DB58E}"
EndProject
Project("{9A19103F-16F7-4668-BE54-9A1E7A4F7556}") = "rapid.erp.Inventory", "rapid.erp.Inventory\rapid.erp.Inventory.csproj", "{A2BE8EE8-24E6-4C42-9060-0CED981CFE82}"
EndProject
Project("{9A19103F-16F7-4668-BE54-9A1E7A4F7556}") = "rapid.erp.Sale", "rapid.erp.Sale\rapid.erp.Sale.csproj", "{81EA9D47-3087-4CEB-B8CC-6D09768F6676}"
EndProject
Project("{9A19103F-16F7-4668-BE54-9A1E7A4F7556}") = "rapid.erp.PointOfSale", "rapid.erp.PointOfSale\rapid.erp.PointOfSale.csproj", "{4B05E615-A9A9-43FF-B820-760769D4A427}"
EndProject
Project("{9A19103F-16F7-4668-BE54-9A1E7A4F7556}") = "rapid.erp.Common", "rapid.erp.Common\rapid.erp.Common.csproj", "{98E97466-8FC6-4C13-8AC4-43B67DF5DDAA}"
EndProject
Project("{9A19103F-16F7-4668-BE54-9A1E7A4F7556}") = "rapid.erp.Web", "rapid.erp.Web\rapid.erp.Web.csproj", "{EF689FE1-731E-4AF3-8FB0-2B0AD750D53B}"
EndProject
Project("{FAE04EC0-301F-11D3-BF4B-00C04F79EFBC}") = "rapid.erp.WebMvc", "rapid.erp.WebMvc\rapid.erp.WebMvc.csproj", "{DDD011EA-A4C6-48F9-81F2-D3D18F85DD57}"
EndProject
Global
	GlobalSection(SolutionConfigurationPlatforms) = preSolution
		Debug|Any CPU = Debug|Any CPU
		Release|Any CPU = Release|Any CPU
	EndGlobalSection
	GlobalSection(ProjectConfigurationPlatforms) = postSolution
		{9CD53EF0-C65F-438B-9C22-8BF075D64C7E}.Debug|Any CPU.ActiveCfg = Debug|Any CPU
		{9CD53EF0-C65F-438B-9C22-8BF075D64C7E}.Debug|Any CPU.Build.0 = Debug|Any CPU
		{9CD53EF0-C65F-438B-9C22-8BF075D64C7E}.Release|Any CPU.ActiveCfg = Release|Any CPU
		{9CD53EF0-C65F-438B-9C22-8BF075D64C7E}.Release|Any CPU.Build.0 = Release|Any CPU
		{25C4B656-FEA0-4328-8A95-779C7FD56FB7}.Debug|Any CPU.ActiveCfg = Debug|Any CPU
		{25C4B656-FEA0-4328-8A95-779C7FD56FB7}.Debug|Any CPU.Build.0 = Debug|Any CPU
		{25C4B656-FEA0-4328-8A95-779C7FD56FB7}.Release|Any CPU.ActiveCfg = Release|Any CPU
		{25C4B656-FEA0-4328-8A95-779C7FD56FB7}.Release|Any CPU.Build.0 = Release|Any CPU
		{CFEE8D80-8558-4BED-AF49-0D5A7A13665D}.Debug|Any CPU.ActiveCfg = Debug|Any CPU
		{CFEE8D80-8558-4BED-AF49-0D5A7A13665D}.Debug|Any CPU.Build.0 = Debug|Any CPU
		{CFEE8D80-8558-4BED-AF49-0D5A7A13665D}.Release|Any CPU.ActiveCfg = Release|Any CPU
		{CFEE8D80-8558-4BED-AF49-0D5A7A13665D}.Release|Any CPU.Build.0 = Release|Any CPU
		{51B1E2E1-2719-41CC-915F-42696442A21B}.Debug|Any CPU.ActiveCfg = Debug|Any CPU
		{51B1E2E1-2719-41CC-915F-42696442A21B}.Debug|Any CPU.Build.0 = Debug|Any CPU
		{51B1E2E1-2719-41CC-915F-42696442A21B}.Release|Any CPU.ActiveCfg = Release|Any CPU
		{51B1E2E1-2719-41CC-915F-42696442A21B}.Release|Any CPU.Build.0 = Release|Any CPU
		{C799A219-8332-4600-AE98-9F8942E82836}.Debug|Any CPU.ActiveCfg = Debug|Any CPU
		{C799A219-8332-4600-AE98-9F8942E82836}.Debug|Any CPU.Build.0 = Debug|Any CPU
		{C799A219-8332-4600-AE98-9F8942E82836}.Release|Any CPU.ActiveCfg = Release|Any CPU
		{C799A219-8332-4600-AE98-9F8942E82836}.Release|Any CPU.Build.0 = Release|Any CPU
		{51A8874D-AA2E-49B5-9F00-80F33BB9CB53}.Debug|Any CPU.ActiveCfg = Debug|Any CPU
		{51A8874D-AA2E-49B5-9F00-80F33BB9CB53}.Debug|Any CPU.Build.0 = Debug|Any CPU
		{51A8874D-AA2E-49B5-9F00-80F33BB9CB53}.Release|Any CPU.ActiveCfg = Release|Any CPU
		{51A8874D-AA2E-49B5-9F00-80F33BB9CB53}.Release|Any CPU.Build.0 = Release|Any CPU
		{F806035E-2EBE-46A4-8AD3-4D0B0BAEEFC3}.Debug|Any CPU.ActiveCfg = Debug|Any CPU
		{F806035E-2EBE-46A4-8AD3-4D0B0BAEEFC3}.Debug|Any CPU.Build.0 = Debug|Any CPU
		{F806035E-2EBE-46A4-8AD3-4D0B0BAEEFC3}.Release|Any CPU.ActiveCfg = Release|Any CPU
		{F806035E-2EBE-46A4-8AD3-4D0B0BAEEFC3}.Release|Any CPU.Build.0 = Release|Any CPU
		{A890A854-6036-4330-8E3C-4C1A0FE92617}.Debug|Any CPU.ActiveCfg = Debug|Any CPU
		{A890A854-6036-4330-8E3C-4C1A0FE92617}.Debug|Any CPU.Build.0 = Debug|Any CPU
		{A890A854-6036-4330-8E3C-4C1A0FE92617}.Release|Any CPU.ActiveCfg = Release|Any CPU
		{A890A854-6036-4330-8E3C-4C1A0FE92617}.Release|Any CPU.Build.0 = Release|Any CPU
		{C40520E2-20E3-4E3C-8D61-46A435A2B6F4}.Debug|Any CPU.ActiveCfg = Debug|Any CPU
		{C40520E2-20E3-4E3C-8D61-46A435A2B6F4}.Debug|Any CPU.Build.0 = Debug|Any CPU
		{C40520E2-20E3-4E3C-8D61-46A435A2B6F4}.Release|Any CPU.ActiveCfg = Release|Any CPU
		{C40520E2-20E3-4E3C-8D61-46A435A2B6F4}.Release|Any CPU.Build.0 = Release|Any CPU
		{FB191CC6-739C-466E-9A29-1A0D07EF3B6E}.Debug|Any CPU.ActiveCfg = Debug|Any CPU
		{FB191CC6-739C-466E-9A29-1A0D07EF3B6E}.Debug|Any CPU.Build.0 = Debug|Any CPU
		{FB191CC6-739C-466E-9A29-1A0D07EF3B6E}.Release|Any CPU.ActiveCfg = Release|Any CPU
		{FB191CC6-739C-466E-9A29-1A0D07EF3B6E}.Release|Any CPU.Build.0 = Release|Any CPU
		{13122ECF-85AC-43A8-BF4A-D6C2C25CDB8C}.Debug|Any CPU.ActiveCfg = Debug|Any CPU
		{13122ECF-85AC-43A8-BF4A-D6C2C25CDB8C}.Debug|Any CPU.Build.0 = Debug|Any CPU
		{13122ECF-85AC-43A8-BF4A-D6C2C25CDB8C}.Release|Any CPU.ActiveCfg = Release|Any CPU
		{13122ECF-85AC-43A8-BF4A-D6C2C25CDB8C}.Release|Any CPU.Build.0 = Release|Any CPU
		{5185C3E7-C0BE-4500-BA20-8D7A7B45987C}.Debug|Any CPU.ActiveCfg = Debug|Any CPU
		{5185C3E7-C0BE-4500-BA20-8D7A7B45987C}.Debug|Any CPU.Build.0 = Debug|Any CPU
		{5185C3E7-C0BE-4500-BA20-8D7A7B45987C}.Release|Any CPU.ActiveCfg = Release|Any CPU
		{5185C3E7-C0BE-4500-BA20-8D7A7B45987C}.Release|Any CPU.Build.0 = Release|Any CPU
		{C57CFC71-E688-4592-BF8A-B6E3F6E34B66}.Debug|Any CPU.ActiveCfg = Debug|Any CPU
		{C57CFC71-E688-4592-BF8A-B6E3F6E34B66}.Debug|Any CPU.Build.0 = Debug|Any CPU
		{C57CFC71-E688-4592-BF8A-B6E3F6E34B66}.Release|Any CPU.ActiveCfg = Release|Any CPU
		{C57CFC71-E688-4592-BF8A-B6E3F6E34B66}.Release|Any CPU.Build.0 = Release|Any CPU
		{3D3969C8-2145-44AE-8391-653EF57DB58E}.Debug|Any CPU.ActiveCfg = Debug|Any CPU
		{3D3969C8-2145-44AE-8391-653EF57DB58E}.Debug|Any CPU.Build.0 = Debug|Any CPU
		{3D3969C8-2145-44AE-8391-653EF57DB58E}.Release|Any CPU.ActiveCfg = Release|Any CPU
		{3D3969C8-2145-44AE-8391-653EF57DB58E}.Release|Any CPU.Build.0 = Release|Any CPU
		{A2BE8EE8-24E6-4C42-9060-0CED981CFE82}.Debug|Any CPU.ActiveCfg = Debug|Any CPU
		{A2BE8EE8-24E6-4C42-9060-0CED981CFE82}.Debug|Any CPU.Build.0 = Debug|Any CPU
		{A2BE8EE8-24E6-4C42-9060-0CED981CFE82}.Release|Any CPU.ActiveCfg = Release|Any CPU
		{A2BE8EE8-24E6-4C42-9060-0CED981CFE82}.Release|Any CPU.Build.0 = Release|Any CPU
		{81EA9D47-3087-4CEB-B8CC-6D09768F6676}.Debug|Any CPU.ActiveCfg = Debug|Any CPU
		{81EA9D47-3087-4CEB-B8CC-6D09768F6676}.Debug|Any CPU.Build.0 = Debug|Any CPU
		{81EA9D47-3087-4CEB-B8CC-6D09768F6676}.Release|Any CPU.ActiveCfg = Release|Any CPU
		{81EA9D47-3087-4CEB-B8CC-6D09768F6676}.Release|Any CPU.Build.0 = Release|Any CPU
		{4B05E615-A9A9-43FF-B820-760769D4A427}.Debug|Any CPU.ActiveCfg = Debug|Any CPU
		{4B05E615-A9A9-43FF-B820-760769D4A427}.Debug|Any CPU.Build.0 = Debug|Any CPU
		{4B05E615-A9A9-43FF-B820-760769D4A427}.Release|Any CPU.ActiveCfg = Release|Any CPU
		{4B05E615-A9A9-43FF-B820-760769D4A427}.Release|Any CPU.Build.0 = Release|Any CPU
		{98E97466-8FC6-4C13-8AC4-43B67DF5DDAA}.Debug|Any CPU.ActiveCfg = Debug|Any CPU
		{98E97466-8FC6-4C13-8AC4-43B67DF5DDAA}.Debug|Any CPU.Build.0 = Debug|Any CPU
		{98E97466-8FC6-4C13-8AC4-43B67DF5DDAA}.Release|Any CPU.ActiveCfg = Release|Any CPU
		{98E97466-8FC6-4C13-8AC4-43B67DF5DDAA}.Release|Any CPU.Build.0 = Release|Any CPU
		{EF689FE1-731E-4AF3-8FB0-2B0AD750D53B}.Debug|Any CPU.ActiveCfg = Debug|Any CPU
		{EF689FE1-731E-4AF3-8FB0-2B0AD750D53B}.Debug|Any CPU.Build.0 = Debug|Any CPU
		{EF689FE1-731E-4AF3-8FB0-2B0AD750D53B}.Release|Any CPU.ActiveCfg = Release|Any CPU
		{EF689FE1-731E-4AF3-8FB0-2B0AD750D53B}.Release|Any CPU.Build.0 = Release|Any CPU
		{DDD011EA-A4C6-48F9-81F2-D3D18F85DD57}.Debug|Any CPU.ActiveCfg = Debug|Any CPU
		{DDD011EA-A4C6-48F9-81F2-D3D18F85DD57}.Debug|Any CPU.Build.0 = Debug|Any CPU
		{DDD011EA-A4C6-48F9-81F2-D3D18F85DD57}.Release|Any CPU.ActiveCfg = Release|Any CPU
		{DDD011EA-A4C6-48F9-81F2-D3D18F85DD57}.Release|Any CPU.Build.0 = Release|Any CPU
	EndGlobalSection
	GlobalSection(SolutionProperties) = preSolution
		HideSolutionNode = FALSE
	EndGlobalSection
	GlobalSection(NestedProjects) = preSolution
		{9CD53EF0-C65F-438B-9C22-8BF075D64C7E} = {3D37C77C-85A7-4404-9B7B-2C153C3A10D0}
		{25C4B656-FEA0-4328-8A95-779C7FD56FB7} = {C92A21ED-4962-48AF-BC4C-E437CA04175B}
		{CFEE8D80-8558-4BED-AF49-0D5A7A13665D} = {12C2D059-6571-444D-954D-1FDC7ABA8EE4}
		{51B1E2E1-2719-41CC-915F-42696442A21B} = {F9B03A98-D364-4484-AA5A-4B79AAE852D8}
		{C799A219-8332-4600-AE98-9F8942E82836} = {F9B03A98-D364-4484-AA5A-4B79AAE852D8}
		{51A8874D-AA2E-49B5-9F00-80F33BB9CB53} = {F9B03A98-D364-4484-AA5A-4B79AAE852D8}
		{F806035E-2EBE-46A4-8AD3-4D0B0BAEEFC3} = {3D37C77C-85A7-4404-9B7B-2C153C3A10D0}
		{A890A854-6036-4330-8E3C-4C1A0FE92617} = {3D37C77C-85A7-4404-9B7B-2C153C3A10D0}
		{C40520E2-20E3-4E3C-8D61-46A435A2B6F4} = {3D37C77C-85A7-4404-9B7B-2C153C3A10D0}
		{FB191CC6-739C-466E-9A29-1A0D07EF3B6E} = {C92A21ED-4962-48AF-BC4C-E437CA04175B}
		{13122ECF-85AC-43A8-BF4A-D6C2C25CDB8C} = {C92A21ED-4962-48AF-BC4C-E437CA04175B}
		{5185C3E7-C0BE-4500-BA20-8D7A7B45987C} = {C92A21ED-4962-48AF-BC4C-E437CA04175B}
		{C57CFC71-E688-4592-BF8A-B6E3F6E34B66} = {FA3A1447-327B-4124-B181-3B8A3732F1B4}
		{3D3969C8-2145-44AE-8391-653EF57DB58E} = {FA3A1447-327B-4124-B181-3B8A3732F1B4}
		{A2BE8EE8-24E6-4C42-9060-0CED981CFE82} = {FA3A1447-327B-4124-B181-3B8A3732F1B4}
		{81EA9D47-3087-4CEB-B8CC-6D09768F6676} = {FA3A1447-327B-4124-B181-3B8A3732F1B4}
		{4B05E615-A9A9-43FF-B820-760769D4A427} = {FA3A1447-327B-4124-B181-3B8A3732F1B4}
		{98E97466-8FC6-4C13-8AC4-43B67DF5DDAA} = {F9B03A98-D364-4484-AA5A-4B79AAE852D8}
		{EF689FE1-731E-4AF3-8FB0-2B0AD750D53B} = {B70E0A8C-ADC5-4315-A725-E320EF6F00BF}
		{DDD011EA-A4C6-48F9-81F2-D3D18F85DD57} = {B70E0A8C-ADC5-4315-A725-E320EF6F00BF}
	EndGlobalSection
	GlobalSection(ExtensibilityGlobals) = postSolution
		SolutionGuid = {A6C6ECD7-5CEE-4BF1-BF8F-3708025948E1}
	EndGlobalSection
EndGlobal
